{
  "name": "portfolio",
  "lockfileVersion": 3,
  "requires": true,
  "packages": {
    "": {
      "devDependencies": {
        "svelte-lazy": "^1.2.1"
      }
    },
    "node_modules/svelte": {
      "version": "3.55.1",
      "resolved": "https://registry.npmjs.org/svelte/-/svelte-3.55.1.tgz",
      "integrity": "sha512-S+87/P0Ve67HxKkEV23iCdAh/SX1xiSfjF1HOglno/YTbSTW7RniICMCofWGdJJbdjw3S+0PfFb1JtGfTXE0oQ==",
      "dev": true,
      "peer": true,
      "engines": {
        "node": ">= 8"
      }
    },
    "node_modules/svelte-lazy": {
      "version": "1.2.1",
      "resolved": "https://registry.npmjs.org/svelte-lazy/-/svelte-lazy-1.2.1.tgz",
      "integrity": "sha512-8L+GrU5p0ia/nLDeGDMTC+DtmbXlFcoaTPoSf8jIy1NoKicqSJXz5tjiu6GUsD7ra0RjgIvhQiLcdZYR9VECeA==",
      "dev": true,
      "peerDependencies": {
        "svelte": "3.x"
      }
    }
  }
}
